
Microsoft Visual Studio Solution File, Format Version 12.00
# Visual Studio Version 16
VisualStudioVersion = 16.0.31911.196
MinimumVisualStudioVersion = 10.0.40219.1
Project("{FAE04EC0-301F-11D3-BF4B-00C04F79EFBC}") = "ExZhurnalDeren", "ExZhurnalDeren\ExZhurnalDeren.csproj", "{81824950-1B30-45F4-ADFC-E5468C2D8833}"
EndProject
Global
	GlobalSection(SolutionConfigurationPlatforms) = preSolution
		Debug|Any CPU = Debug|Any CPU
		Release|Any CPU = Release|Any CPU
	EndGlobalSection
	GlobalSection(ProjectConfigurationPlatforms) = postSolution
		{81824950-1B30-45F4-ADFC-E5468C2D8833}.Debug|Any CPU.ActiveCfg = Debug|Any CPU
		{81824950-1B30-45F4-ADFC-E5468C2D8833}.Debug|Any CPU.Build.0 = Debug|Any CPU
		{81824950-1B30-45F4-ADFC-E5468C2D8833}.Release|Any CPU.ActiveCfg = Release|Any CPU
		{81824950-1B30-45F4-ADFC-E5468C2D8833}.Release|Any CPU.Build.0 = Release|Any CPU
	EndGlobalSection
	GlobalSection(SolutionProperties) = preSolution
		HideSolutionNode = FALSE
	EndGlobalSection
	GlobalSection(ExtensibilityGlobals) = postSolution
		SolutionGuid = {AB2AB335-57CE-4B8C-A09E-0C8157FC786E}
	EndGlobalSection
EndGlobal
