
Microsoft Visual Studio Solution File, Format Version 12.00
# Visual Studio Version 16
VisualStudioVersion = 16.0.31911.196
MinimumVisualStudioVersion = 10.0.40219.1
Project("{FAE04EC0-301F-11D3-BF4B-00C04F79EFBC}") = "ExValDeren", "ExValDeren\ExValDeren.csproj", "{0A553462-FCA6-47DC-BED8-33D070131D85}"
EndProject
Global
	GlobalSection(SolutionConfigurationPlatforms) = preSolution
		Debug|Any CPU = Debug|Any CPU
		Release|Any CPU = Release|Any CPU
	EndGlobalSection
	GlobalSection(ProjectConfigurationPlatforms) = postSolution
		{0A553462-FCA6-47DC-BED8-33D070131D85}.Debug|Any CPU.ActiveCfg = Debug|Any CPU
		{0A553462-FCA6-47DC-BED8-33D070131D85}.Debug|Any CPU.Build.0 = Debug|Any CPU
		{0A553462-FCA6-47DC-BED8-33D070131D85}.Release|Any CPU.ActiveCfg = Release|Any CPU
		{0A553462-FCA6-47DC-BED8-33D070131D85}.Release|Any CPU.Build.0 = Release|Any CPU
	EndGlobalSection
	GlobalSection(SolutionProperties) = preSolution
		HideSolutionNode = FALSE
	EndGlobalSection
	GlobalSection(ExtensibilityGlobals) = postSolution
		SolutionGuid = {38A045AE-E6DA-42E0-A9D7-D6A8C4B7B738}
	EndGlobalSection
EndGlobal
