
Microsoft Visual Studio Solution File, Format Version 12.00
# Visual Studio Version 16
VisualStudioVersion = 16.0.31911.196
MinimumVisualStudioVersion = 10.0.40219.1
Project("{FAE04EC0-301F-11D3-BF4B-00C04F79EFBC}") = "ExRedDeren", "ExRedDeren\ExRedDeren.csproj", "{6458240C-A5F0-4F26-A7EB-18703F064B41}"
EndProject
Global
	GlobalSection(SolutionConfigurationPlatforms) = preSolution
		Debug|Any CPU = Debug|Any CPU
		Release|Any CPU = Release|Any CPU
	EndGlobalSection
	GlobalSection(ProjectConfigurationPlatforms) = postSolution
		{6458240C-A5F0-4F26-A7EB-18703F064B41}.Debug|Any CPU.ActiveCfg = Debug|Any CPU
		{6458240C-A5F0-4F26-A7EB-18703F064B41}.Debug|Any CPU.Build.0 = Debug|Any CPU
		{6458240C-A5F0-4F26-A7EB-18703F064B41}.Release|Any CPU.ActiveCfg = Release|Any CPU
		{6458240C-A5F0-4F26-A7EB-18703F064B41}.Release|Any CPU.Build.0 = Release|Any CPU
	EndGlobalSection
	GlobalSection(SolutionProperties) = preSolution
		HideSolutionNode = FALSE
	EndGlobalSection
	GlobalSection(ExtensibilityGlobals) = postSolution
		SolutionGuid = {EF38E524-6BCC-424D-B8AC-E2CDADDFB5BF}
	EndGlobalSection
EndGlobal
